<Solution>
  <Folder Name="/src/">
    <Project Path="src/Helpdesk.API/Helpdesk.API.csproj" />
    <Project Path="src/Helpdesk.Shared/Helpdesk.Shared.csproj" />
  </Folder>
  <Folder Name="/src/Modules/" />
  <Folder Name="/src/Modules/Identity/">
    <Project Path="src/Modules/Identity/Helpdesk.Identity.Application/Helpdesk.Identity.Application.csproj" />
    <Project Path="src/Modules/Identity/Helpdesk.Identity.Domain/Helpdesk.Identity.Domain.csproj" />
    <Project Path="src/Modules/Identity/Helpdesk.Identity.Infrastructure/Helpdesk.Identity.Infrastructure.csproj" />
  </Folder>
  <Folder Name="/src/Modules/Notifications/">
    <Project Path="src/Modules/Notifications/Helpdesk.Notifications.Application/Helpdesk.Notifications.Application.csproj" />
  </Folder>
  <Folder Name="/src/Modules/SLA/">
    <Project Path="src/Modules/SLA/Helpdesk.SLA.Application/Helpdesk.SLA.Application.csproj" />
    <Project Path="src/Modules/SLA/Helpdesk.SLA.Domain/Helpdesk.SLA.Domain.csproj" />
  </Folder>
  <Folder Name="/src/Modules/Tickets/">
    <Project Path="src/Modules/Tickets/Helpdesk.Tickets.Application/Helpdesk.Tickets.Application.csproj" />
    <Project Path="src/Modules/Tickets/Helpdesk.Tickets.Domain/Helpdesk.Tickets.Domain.csproj" />
    <Project Path="src/Modules/Tickets/Helpdesk.Tickets.Infrastructure/Helpdesk.Tickets.Infrastructure.csproj" />
  </Folder>
  <Folder Name="/tests/">
    <Project Path="tests/Helpdesk.Tests.Architecture/Helpdesk.Tests.Architecture.csproj" />
    <Project Path="tests/Helpdesk.Tests.Integration/Helpdesk.Tests.Integration.csproj" />
    <Project Path="tests/Helpdesk.Tests.Unit/Helpdesk.Tests.Unit.csproj" />
  </Folder>
</Solution>
